
Microsoft Visual Studio Solution File, Format Version 12.00
# Visual Studio Version 17
VisualStudioVersion = 17.11.35208.52
MinimumVisualStudioVersion = 10.0.40219.1
Project("{FAE04EC0-301F-11D3-BF4B-00C04F79EFBC}") = "JobManager_varonisExcercise", "JobManager_varonisExcercise.csproj", "{6C415078-2EBE-45A5-BEFE-EBBD852486A8}"
EndProject
Project("{FAE04EC0-301F-11D3-BF4B-00C04F79EFBC}") = "Tests", "..\Tests\Tests.csproj", "{49FC4B79-611D-4605-9A32-98191CD04324}"
EndProject
Global
	GlobalSection(SolutionConfigurationPlatforms) = preSolution
		Debug|Any CPU = Debug|Any CPU
		Release|Any CPU = Release|Any CPU
	EndGlobalSection
	GlobalSection(ProjectConfigurationPlatforms) = postSolution
		{6C415078-2EBE-45A5-BEFE-EBBD852486A8}.Debug|Any CPU.ActiveCfg = Debug|Any CPU
		{6C415078-2EBE-45A5-BEFE-EBBD852486A8}.Debug|Any CPU.Build.0 = Debug|Any CPU
		{6C415078-2EBE-45A5-BEFE-EBBD852486A8}.Release|Any CPU.ActiveCfg = Release|Any CPU
		{6C415078-2EBE-45A5-BEFE-EBBD852486A8}.Release|Any CPU.Build.0 = Release|Any CPU
		{49FC4B79-611D-4605-9A32-98191CD04324}.Debug|Any CPU.ActiveCfg = Debug|Any CPU
		{49FC4B79-611D-4605-9A32-98191CD04324}.Debug|Any CPU.Build.0 = Debug|Any CPU
		{49FC4B79-611D-4605-9A32-98191CD04324}.Release|Any CPU.ActiveCfg = Release|Any CPU
		{49FC4B79-611D-4605-9A32-98191CD04324}.Release|Any CPU.Build.0 = Release|Any CPU
	EndGlobalSection
	GlobalSection(SolutionProperties) = preSolution
		HideSolutionNode = FALSE
	EndGlobalSection
	GlobalSection(ExtensibilityGlobals) = postSolution
		SolutionGuid = {FBAC699C-FE76-421D-ABE9-624FFE6BFD28}
	EndGlobalSection
EndGlobal
